
Microsoft Visual Studio Solution File, Format Version 12.00
# Visual Studio Version 16
VisualStudioVersion = 16.0.29020.237
MinimumVisualStudioVersion = 10.0.40219.1
Project("{FAE04EC0-301F-11D3-BF4B-00C04F79EFBC}") = "AnotherAncientApplication", "AnotherAncientApplication.csproj", "{8B4318BD-8973-4C7A-908D-D2A721B16771}"
EndProject
Global
	GlobalSection(SolutionConfigurationPlatforms) = preSolution
		Debug|Any CPU = Debug|Any CPU
		Release|Any CPU = Release|Any CPU
	EndGlobalSection
	GlobalSection(ProjectConfigurationPlatforms) = postSolution
		{8B4318BD-8973-4C7A-908D-D2A721B16771}.Debug|Any CPU.ActiveCfg = Debug|Any CPU
		{8B4318BD-8973-4C7A-908D-D2A721B16771}.Debug|Any CPU.Build.0 = Debug|Any CPU
		{8B4318BD-8973-4C7A-908D-D2A721B16771}.Release|Any CPU.ActiveCfg = Release|Any CPU
		{8B4318BD-8973-4C7A-908D-D2A721B16771}.Release|Any CPU.Build.0 = Release|Any CPU
	EndGlobalSection
	GlobalSection(SolutionProperties) = preSolution
		HideSolutionNode = FALSE
	EndGlobalSection
	GlobalSection(ExtensibilityGlobals) = postSolution
		SolutionGuid = {C1AF6B14-8EFC-464E-A4B3-272A44BEDE50}
	EndGlobalSection
EndGlobal
